
Microsoft Visual Studio Solution File, Format Version 12.00
# Visual Studio Version 17
VisualStudioVersion = 17.9.34607.119
MinimumVisualStudioVersion = 10.0.40219.1
Project("{FAE04EC0-301F-11D3-BF4B-00C04F79EFBC}") = "P11_714230055", "P11_714230055\P11_714230055.csproj", "{4CB69875-61B1-454A-A9C3-D36BE7A89323}"
EndProject
Global
	GlobalSection(SolutionConfigurationPlatforms) = preSolution
		Debug|Any CPU = Debug|Any CPU
		Release|Any CPU = Release|Any CPU
	EndGlobalSection
	GlobalSection(ProjectConfigurationPlatforms) = postSolution
		{4CB69875-61B1-454A-A9C3-D36BE7A89323}.Debug|Any CPU.ActiveCfg = Debug|Any CPU
		{4CB69875-61B1-454A-A9C3-D36BE7A89323}.Debug|Any CPU.Build.0 = Debug|Any CPU
		{4CB69875-61B1-454A-A9C3-D36BE7A89323}.Release|Any CPU.ActiveCfg = Release|Any CPU
		{4CB69875-61B1-454A-A9C3-D36BE7A89323}.Release|Any CPU.Build.0 = Release|Any CPU
	EndGlobalSection
	GlobalSection(SolutionProperties) = preSolution
		HideSolutionNode = FALSE
	EndGlobalSection
	GlobalSection(ExtensibilityGlobals) = postSolution
		SolutionGuid = {E99AAE1F-15F8-4BB1-87A4-373B71DF65F4}
	EndGlobalSection
EndGlobal
